
Microsoft Visual Studio Solution File, Format Version 12.00
# Visual Studio Version 16
VisualStudioVersion = 16.0.30002.166
MinimumVisualStudioVersion = 10.0.40219.1
Project("{FAE04EC0-301F-11D3-BF4B-00C04F79EFBC}") = "classes", "classes\classes.csproj", "{F58CED37-FD9D-48B3-85B0-A05EC8332844}"
EndProject
Global
	GlobalSection(SolutionConfigurationPlatforms) = preSolution
		Debug|Any CPU = Debug|Any CPU
		Release|Any CPU = Release|Any CPU
	EndGlobalSection
	GlobalSection(ProjectConfigurationPlatforms) = postSolution
		{F58CED37-FD9D-48B3-85B0-A05EC8332844}.Debug|Any CPU.ActiveCfg = Debug|Any CPU
		{F58CED37-FD9D-48B3-85B0-A05EC8332844}.Debug|Any CPU.Build.0 = Debug|Any CPU
		{F58CED37-FD9D-48B3-85B0-A05EC8332844}.Release|Any CPU.ActiveCfg = Release|Any CPU
		{F58CED37-FD9D-48B3-85B0-A05EC8332844}.Release|Any CPU.Build.0 = Release|Any CPU
	EndGlobalSection
	GlobalSection(SolutionProperties) = preSolution
		HideSolutionNode = FALSE
	EndGlobalSection
	GlobalSection(ExtensibilityGlobals) = postSolution
		SolutionGuid = {4D45E04C-D719-4FBF-BE8B-853F18385963}
	EndGlobalSection
EndGlobal
